
Microsoft Visual Studio Solution File, Format Version 12.00
# Visual Studio Version 17
VisualStudioVersion = 17.7.34003.232
MinimumVisualStudioVersion = 10.0.40219.1
Project("{FAE04EC0-301F-11D3-BF4B-00C04F79EFBC}") = "sameClassLibrarySample", "sameClassLibrarySample\sameClassLibrarySample.csproj", "{0636BAF6-D0E0-4EFE-95F6-F0C1ADAF5BBF}"
EndProject
Project("{FAE04EC0-301F-11D3-BF4B-00C04F79EFBC}") = "MyLibs", "..\Sample_09_abstract\MyLibs\MyLibs.csproj", "{23D8B9B1-F1FC-47E8-9CEC-1AB4B9A3960B}"
EndProject
Global
	GlobalSection(SolutionConfigurationPlatforms) = preSolution
		Debug|Any CPU = Debug|Any CPU
		Release|Any CPU = Release|Any CPU
	EndGlobalSection
	GlobalSection(ProjectConfigurationPlatforms) = postSolution
		{0636BAF6-D0E0-4EFE-95F6-F0C1ADAF5BBF}.Debug|Any CPU.ActiveCfg = Debug|Any CPU
		{0636BAF6-D0E0-4EFE-95F6-F0C1ADAF5BBF}.Debug|Any CPU.Build.0 = Debug|Any CPU
		{0636BAF6-D0E0-4EFE-95F6-F0C1ADAF5BBF}.Release|Any CPU.ActiveCfg = Release|Any CPU
		{0636BAF6-D0E0-4EFE-95F6-F0C1ADAF5BBF}.Release|Any CPU.Build.0 = Release|Any CPU
		{23D8B9B1-F1FC-47E8-9CEC-1AB4B9A3960B}.Debug|Any CPU.ActiveCfg = Debug|Any CPU
		{23D8B9B1-F1FC-47E8-9CEC-1AB4B9A3960B}.Debug|Any CPU.Build.0 = Debug|Any CPU
		{23D8B9B1-F1FC-47E8-9CEC-1AB4B9A3960B}.Release|Any CPU.ActiveCfg = Release|Any CPU
		{23D8B9B1-F1FC-47E8-9CEC-1AB4B9A3960B}.Release|Any CPU.Build.0 = Release|Any CPU
	EndGlobalSection
	GlobalSection(SolutionProperties) = preSolution
		HideSolutionNode = FALSE
	EndGlobalSection
	GlobalSection(ExtensibilityGlobals) = postSolution
		SolutionGuid = {8AC494C5-0BD1-467A-B391-0EF86943C7DA}
	EndGlobalSection
EndGlobal
