
Microsoft Visual Studio Solution File, Format Version 12.00
# Visual Studio Version 17
VisualStudioVersion = 17.7.34003.232
MinimumVisualStudioVersion = 10.0.40219.1
Project("{FAE04EC0-301F-11D3-BF4B-00C04F79EFBC}") = "sample_06_static", "sample_06_static\sample_06_static.csproj", "{D8F89F0C-919D-4BE5-94A5-F446CEF66410}"
EndProject
Global
	GlobalSection(SolutionConfigurationPlatforms) = preSolution
		Debug|Any CPU = Debug|Any CPU
		Release|Any CPU = Release|Any CPU
	EndGlobalSection
	GlobalSection(ProjectConfigurationPlatforms) = postSolution
		{D8F89F0C-919D-4BE5-94A5-F446CEF66410}.Debug|Any CPU.ActiveCfg = Debug|Any CPU
		{D8F89F0C-919D-4BE5-94A5-F446CEF66410}.Debug|Any CPU.Build.0 = Debug|Any CPU
		{D8F89F0C-919D-4BE5-94A5-F446CEF66410}.Release|Any CPU.ActiveCfg = Release|Any CPU
		{D8F89F0C-919D-4BE5-94A5-F446CEF66410}.Release|Any CPU.Build.0 = Release|Any CPU
	EndGlobalSection
	GlobalSection(SolutionProperties) = preSolution
		HideSolutionNode = FALSE
	EndGlobalSection
	GlobalSection(ExtensibilityGlobals) = postSolution
		SolutionGuid = {B785A9CE-68E6-4130-BE6A-7B7C9A9D105A}
	EndGlobalSection
EndGlobal
